// !$*UTF8*$!
{
	archiveVersion = 1;
	classes = {
	};
	objectVersion = 56;
	objects = {

/* Begin PBXBuildFile section */
		3D0517FF2959FD7C005D2204 /* AppDelegate.swift in Sources */ = {isa = PBXBuildFile; fileRef = 3D0517FE2959FD7C005D2204 /* AppDelegate.swift */; };
		3D0518012959FD7C005D2204 /* SceneDelegate.swift in Sources */ = {isa = PBXBuildFile; fileRef = 3D0518002959FD7C005D2204 /* SceneDelegate.swift */; };
		3D0518032959FD7C005D2204 /* MainTabBarViewController.swift in Sources */ = {isa = PBXBuildFile; fileRef = 3D0518022959FD7C005D2204 /* MainTabBarViewController.swift */; };
		3D0518082959FD7D005D2204 /* Assets.xcassets in Resources */ = {isa = PBXBuildFile; fileRef = 3D0518072959FD7D005D2204 /* Assets.xcassets */; };
		3D05180B2959FD7D005D2204 /* LaunchScreen.storyboard in Resources */ = {isa = PBXBuildFile; fileRef = 3D0518092959FD7D005D2204 /* LaunchScreen.storyboard */; };
		3D051814295A02FE005D2204 /* HomeViewController.swift in Sources */ = {isa = PBXBuildFile; fileRef = 3D051813295A02FE005D2204 /* HomeViewController.swift */; };
		3D051816295B69B2005D2204 /* UpcomingViewController.swift in Sources */ = {isa = PBXBuildFile; fileRef = 3D051815295B69B2005D2204 /* UpcomingViewController.swift */; };
		3D051818295B69D1005D2204 /* SearchViewController.swift in Sources */ = {isa = PBXBuildFile; fileRef = 3D051817295B69D1005D2204 /* SearchViewController.swift */; };
		3D05181A295B69F9005D2204 /* DownloadsViewController.swift in Sources */ = {isa = PBXBuildFile; fileRef = 3D051819295B69F9005D2204 /* DownloadsViewController.swift */; };
		3D051821295C9CED005D2204 /* CollectionViewTableViewCell.swift in Sources */ = {isa = PBXBuildFile; fileRef = 3D051820295C9CED005D2204 /* CollectionViewTableViewCell.swift */; };
		3D051823295DBD17005D2204 /* HeroHeaderUIView.swift in Sources */ = {isa = PBXBuildFile; fileRef = 3D051822295DBD17005D2204 /* HeroHeaderUIView.swift */; };
		3D051825295F3F69005D2204 /* APICaller.swift in Sources */ = {isa = PBXBuildFile; fileRef = 3D051824295F3F69005D2204 /* APICaller.swift */; };
		3D051827295F540A005D2204 /* Title.swift in Sources */ = {isa = PBXBuildFile; fileRef = 3D051826295F540A005D2204 /* Title.swift */; };
		3D0518292964069D005D2204 /* Extensions.swift in Sources */ = {isa = PBXBuildFile; fileRef = 3D0518282964069D005D2204 /* Extensions.swift */; };
		3D05182D29645AD0005D2204 /* TitleCollectionViewCell.swift in Sources */ = {isa = PBXBuildFile; fileRef = 3D05182C29645AD0005D2204 /* TitleCollectionViewCell.swift */; };
		3D05183029645C99005D2204 /* SDWebImage in Frameworks */ = {isa = PBXBuildFile; productRef = 3D05182F29645C99005D2204 /* SDWebImage */; };
		3D05183229645C99005D2204 /* SDWebImageMapKit in Frameworks */ = {isa = PBXBuildFile; productRef = 3D05183129645C99005D2204 /* SDWebImageMapKit */; };
		3D05183429659766005D2204 /* TitleTableViewCell.swift in Sources */ = {isa = PBXBuildFile; fileRef = 3D05183329659766005D2204 /* TitleTableViewCell.swift */; };
		3D05183629659F0B005D2204 /* TitleViewModel.swift in Sources */ = {isa = PBXBuildFile; fileRef = 3D05183529659F0B005D2204 /* TitleViewModel.swift */; };
		3D0518382965D69E005D2204 /* SearchResultsViewController.swift in Sources */ = {isa = PBXBuildFile; fileRef = 3D0518372965D69E005D2204 /* SearchResultsViewController.swift */; };
		3D05183C2966E845005D2204 /*  YouTubeSearchResponse.swift in Sources */ = {isa = PBXBuildFile; fileRef = 3D05183B2966E845005D2204 /*  YouTubeSearchResponse.swift */; };
		3D05183E29670731005D2204 /* TitlePreviewViewController.swift in Sources */ = {isa = PBXBuildFile; fileRef = 3D05183D29670731005D2204 /* TitlePreviewViewController.swift */; };
		3D05184029670F29005D2204 /* TitlePreviewViewModel.swift in Sources */ = {isa = PBXBuildFile; fileRef = 3D05183F29670F29005D2204 /* TitlePreviewViewModel.swift */; };
		3D5A14E9296D45A5009420A1 /* NetflixCloneModel.xcdatamodeld in Sources */ = {isa = PBXBuildFile; fileRef = 3D5A14E7296D45A5009420A1 /* NetflixCloneModel.xcdatamodeld */; };
		3D5A14EB296D4758009420A1 /* DataPersistanceManager.swift in Sources */ = {isa = PBXBuildFile; fileRef = 3D5A14EA296D4758009420A1 /* DataPersistanceManager.swift */; };
/* End PBXBuildFile section */

/* Begin PBXFileReference section */
		3D0517FB2959FD7C005D2204 /* Netflix clone.app */ = {isa = PBXFileReference; explicitFileType = wrapper.application; includeInIndex = 0; path = "Netflix clone.app"; sourceTree = BUILT_PRODUCTS_DIR; };
		3D0517FE2959FD7C005D2204 /* AppDelegate.swift */ = {isa = PBXFileReference; lastKnownFileType = sourcecode.swift; path = AppDelegate.swift; sourceTree = "<group>"; };
		3D0518002959FD7C005D2204 /* SceneDelegate.swift */ = {isa = PBXFileReference; lastKnownFileType = sourcecode.swift; path = SceneDelegate.swift; sourceTree = "<group>"; };
		3D0518022959FD7C005D2204 /* MainTabBarViewController.swift */ = {isa = PBXFileReference; lastKnownFileType = sourcecode.swift; path = MainTabBarViewController.swift; sourceTree = "<group>"; };
		3D0518072959FD7D005D2204 /* Assets.xcassets */ = {isa = PBXFileReference; lastKnownFileType = folder.assetcatalog; path = Assets.xcassets; sourceTree = "<group>"; };
		3D05180A2959FD7D005D2204 /* Base */ = {isa = PBXFileReference; lastKnownFileType = file.storyboard; name = Base; path = Base.lproj/LaunchScreen.storyboard; sourceTree = "<group>"; };
		3D05180C2959FD7D005D2204 /* Info.plist */ = {isa = PBXFileReference; lastKnownFileType = text.plist.xml; path = Info.plist; sourceTree = "<group>"; };
		3D051813295A02FE005D2204 /* HomeViewController.swift */ = {isa = PBXFileReference; lastKnownFileType = sourcecode.swift; path = HomeViewController.swift; sourceTree = "<group>"; };
		3D051815295B69B2005D2204 /* UpcomingViewController.swift */ = {isa = PBXFileReference; lastKnownFileType = sourcecode.swift; path = UpcomingViewController.swift; sourceTree = "<group>"; };
		3D051817295B69D1005D2204 /* SearchViewController.swift */ = {isa = PBXFileReference; lastKnownFileType = sourcecode.swift; path = SearchViewController.swift; sourceTree = "<group>"; };
		3D051819295B69F9005D2204 /* DownloadsViewController.swift */ = {isa = PBXFileReference; lastKnownFileType = sourcecode.swift; path = DownloadsViewController.swift; sourceTree = "<group>"; };
		3D051820295C9CED005D2204 /* CollectionViewTableViewCell.swift */ = {isa = PBXFileReference; lastKnownFileType = sourcecode.swift; path = CollectionViewTableViewCell.swift; sourceTree = "<group>"; };
		3D051822295DBD17005D2204 /* HeroHeaderUIView.swift */ = {isa = PBXFileReference; lastKnownFileType = sourcecode.swift; path = HeroHeaderUIView.swift; sourceTree = "<group>"; };
		3D051824295F3F69005D2204 /* APICaller.swift */ = {isa = PBXFileReference; lastKnownFileType = sourcecode.swift; path = APICaller.swift; sourceTree = "<group>"; };
		3D051826295F540A005D2204 /* Title.swift */ = {isa = PBXFileReference; lastKnownFileType = sourcecode.swift; path = Title.swift; sourceTree = "<group>"; };
		3D0518282964069D005D2204 /* Extensions.swift */ = {isa = PBXFileReference; lastKnownFileType = sourcecode.swift; path = Extensions.swift; sourceTree = "<group>"; };
		3D05182C29645AD0005D2204 /* TitleCollectionViewCell.swift */ = {isa = PBXFileReference; lastKnownFileType = sourcecode.swift; path = TitleCollectionViewCell.swift; sourceTree = "<group>"; };
		3D05183329659766005D2204 /* TitleTableViewCell.swift */ = {isa = PBXFileReference; lastKnownFileType = sourcecode.swift; path = TitleTableViewCell.swift; sourceTree = "<group>"; };
		3D05183529659F0B005D2204 /* TitleViewModel.swift */ = {isa = PBXFileReference; lastKnownFileType = sourcecode.swift; path = TitleViewModel.swift; sourceTree = "<group>"; };
		3D0518372965D69E005D2204 /* SearchResultsViewController.swift */ = {isa = PBXFileReference; lastKnownFileType = sourcecode.swift; path = SearchResultsViewController.swift; sourceTree = "<group>"; };
		3D05183B2966E845005D2204 /*  YouTubeSearchResponse.swift */ = {isa = PBXFileReference; lastKnownFileType = sourcecode.swift; path = " YouTubeSearchResponse.swift"; sourceTree = "<group>"; };
		3D05183D29670731005D2204 /* TitlePreviewViewController.swift */ = {isa = PBXFileReference; lastKnownFileType = sourcecode.swift; path = TitlePreviewViewController.swift; sourceTree = "<group>"; };
		3D05183F29670F29005D2204 /* TitlePreviewViewModel.swift */ = {isa = PBXFileReference; lastKnownFileType = sourcecode.swift; path = TitlePreviewViewModel.swift; sourceTree = "<group>"; };
		3D5A14E8296D45A5009420A1 /* NetflixCloneModel.xcdatamodel */ = {isa = PBXFileReference; lastKnownFileType = wrapper.xcdatamodel; path = NetflixCloneModel.xcdatamodel; sourceTree = "<group>"; };
		3D5A14EA296D4758009420A1 /* DataPersistanceManager.swift */ = {isa = PBXFileReference; lastKnownFileType = sourcecode.swift; path = DataPersistanceManager.swift; sourceTree = "<group>"; };
/* End PBXFileReference section */

/* Begin PBXFrameworksBuildPhase section */
		3D0517F82959FD7C005D2204 /* Frameworks */ = {
			isa = PBXFrameworksBuildPhase;
			buildActionMask = 2147483647;
			files = (
				3D05183229645C99005D2204 /* SDWebImageMapKit in Frameworks */,
				3D05183029645C99005D2204 /* SDWebImage in Frameworks */,
			);
			runOnlyForDeploymentPostprocessing = 0;
		};
/* End PBXFrameworksBuildPhase section */

/* Begin PBXGroup section */
		3D0517F22959FD7C005D2204 = {
			isa = PBXGroup;
			children = (
				3D0517FD2959FD7C005D2204 /* Netflix clone */,
				3D0517FC2959FD7C005D2204 /* Products */,
			);
			sourceTree = "<group>";
		};
		3D0517FC2959FD7C005D2204 /* Products */ = {
			isa = PBXGroup;
			children = (
				3D0517FB2959FD7C005D2204 /* Netflix clone.app */,
			);
			name = Products;
			sourceTree = "<group>";
		};
		3D0517FD2959FD7C005D2204 /* Netflix clone */ = {
			isa = PBXGroup;
			children = (
				3D05181F295C9CB7005D2204 /* Managers */,
				3D05181E295C9CA2005D2204 /* Resources */,
				3D05181D295C9C5D005D2204 /* Models */,
				3D05181B295C9C1D005D2204 /* Views */,
				3D05181C295C9C34005D2204 /* ViewModels */,
				3D051812295A02CD005D2204 /* Controllers */,
				3D0517FE2959FD7C005D2204 /* AppDelegate.swift */,
				3D0518002959FD7C005D2204 /* SceneDelegate.swift */,
				3D0518022959FD7C005D2204 /* MainTabBarViewController.swift */,
				3D0518072959FD7D005D2204 /* Assets.xcassets */,
				3D0518092959FD7D005D2204 /* LaunchScreen.storyboard */,
				3D05180C2959FD7D005D2204 /* Info.plist */,
				3D5A14E7296D45A5009420A1 /* NetflixCloneModel.xcdatamodeld */,
			);
			path = "Netflix clone";
			sourceTree = "<group>";
		};
		3D051812295A02CD005D2204 /* Controllers */ = {
			isa = PBXGroup;
			children = (
				3D05183A2965D750005D2204 /* General */,
				3D0518392965D703005D2204 /* Core */,
			);
			path = Controllers;
			sourceTree = "<group>";
		};
		3D05181B295C9C1D005D2204 /* Views */ = {
			isa = PBXGroup;
			children = (
				3D051820295C9CED005D2204 /* CollectionViewTableViewCell.swift */,
				3D051822295DBD17005D2204 /* HeroHeaderUIView.swift */,
				3D05182C29645AD0005D2204 /* TitleCollectionViewCell.swift */,
				3D05183329659766005D2204 /* TitleTableViewCell.swift */,
			);
			path = Views;
			sourceTree = "<group>";
		};
		3D05181C295C9C34005D2204 /* ViewModels */ = {
			isa = PBXGroup;
			children = (
				3D05183529659F0B005D2204 /* TitleViewModel.swift */,
				3D05183F29670F29005D2204 /* TitlePreviewViewModel.swift */,
			);
			path = ViewModels;
			sourceTree = "<group>";
		};
		3D05181D295C9C5D005D2204 /* Models */ = {
			isa = PBXGroup;
			children = (
				3D051826295F540A005D2204 /* Title.swift */,
				3D05183B2966E845005D2204 /*  YouTubeSearchResponse.swift */,
			);
			path = Models;
			sourceTree = "<group>";
		};
		3D05181E295C9CA2005D2204 /* Resources */ = {
			isa = PBXGroup;
			children = (
				3D0518282964069D005D2204 /* Extensions.swift */,
			);
			path = Resources;
			sourceTree = "<group>";
		};
		3D05181F295C9CB7005D2204 /* Managers */ = {
			isa = PBXGroup;
			children = (
				3D051824295F3F69005D2204 /* APICaller.swift */,
				3D5A14EA296D4758009420A1 /* DataPersistanceManager.swift */,
			);
			path = Managers;
			sourceTree = "<group>";
		};
		3D0518392965D703005D2204 /* Core */ = {
			isa = PBXGroup;
			children = (
				3D051813295A02FE005D2204 /* HomeViewController.swift */,
				3D051815295B69B2005D2204 /* UpcomingViewController.swift */,
				3D051817295B69D1005D2204 /* SearchViewController.swift */,
				3D051819295B69F9005D2204 /* DownloadsViewController.swift */,
			);
			path = Core;
			sourceTree = "<group>";
		};
		3D05183A2965D750005D2204 /* General */ = {
			isa = PBXGroup;
			children = (
				3D0518372965D69E005D2204 /* SearchResultsViewController.swift */,
				3D05183D29670731005D2204 /* TitlePreviewViewController.swift */,
			);
			path = General;
			sourceTree = "<group>";
		};
/* End PBXGroup section */

/* Begin PBXNativeTarget section */
		3D0517FA2959FD7C005D2204 /* Netflix clone */ = {
			isa = PBXNativeTarget;
			buildConfigurationList = 3D05180F2959FD7D005D2204 /* Build configuration list for PBXNativeTarget "Netflix clone" */;
			buildPhases = (
				3D0517F72959FD7C005D2204 /* Sources */,
				3D0517F82959FD7C005D2204 /* Frameworks */,
				3D0517F92959FD7C005D2204 /* Resources */,
			);
			buildRules = (
			);
			dependencies = (
			);
			name = "Netflix clone";
			packageProductDependencies = (
				3D05182F29645C99005D2204 /* SDWebImage */,
				3D05183129645C99005D2204 /* SDWebImageMapKit */,
			);
			productName = "Netflix clone";
			productReference = 3D0517FB2959FD7C005D2204 /* Netflix clone.app */;
			productType = "com.apple.product-type.application";
		};
/* End PBXNativeTarget section */

/* Begin PBXProject section */
		3D0517F32959FD7C005D2204 /* Project object */ = {
			isa = PBXProject;
			attributes = {
				BuildIndependentTargetsInParallel = 1;
				LastSwiftUpdateCheck = 1410;
				LastUpgradeCheck = 1410;
				TargetAttributes = {
					3D0517FA2959FD7C005D2204 = {
						CreatedOnToolsVersion = 14.1;
					};
				};
			};
			buildConfigurationList = 3D0517F62959FD7C005D2204 /* Build configuration list for PBXProject "Netflix clone" */;
			compatibilityVersion = "Xcode 14.0";
			developmentRegion = en;
			hasScannedForEncodings = 0;
			knownRegions = (
				en,
				Base,
			);
			mainGroup = 3D0517F22959FD7C005D2204;
			packageReferences = (
				3D05182E29645C99005D2204 /* XCRemoteSwiftPackageReference "SDWebImage" */,
			);
			productRefGroup = 3D0517FC2959FD7C005D2204 /* Products */;
			projectDirPath = "";
			projectRoot = "";
			targets = (
				3D0517FA2959FD7C005D2204 /* Netflix clone */,
			);
		};
/* End PBXProject section */

/* Begin PBXResourcesBuildPhase section */
		3D0517F92959FD7C005D2204 /* Resources */ = {
			isa = PBXResourcesBuildPhase;
			buildActionMask = 2147483647;
			files = (
				3D05180B2959FD7D005D2204 /* LaunchScreen.storyboard in Resources */,
				3D0518082959FD7D005D2204 /* Assets.xcassets in Resources */,
			);
			runOnlyForDeploymentPostprocessing = 0;
		};
/* End PBXResourcesBuildPhase section */

/* Begin PBXSourcesBuildPhase section */
		3D0517F72959FD7C005D2204 /* Sources */ = {
			isa = PBXSourcesBuildPhase;
			buildActionMask = 2147483647;
			files = (
				3D05183429659766005D2204 /* TitleTableViewCell.swift in Sources */,
				3D05183E29670731005D2204 /* TitlePreviewViewController.swift in Sources */,
				3D051818295B69D1005D2204 /* SearchViewController.swift in Sources */,
				3D05182D29645AD0005D2204 /* TitleCollectionViewCell.swift in Sources */,
				3D05183C2966E845005D2204 /*  YouTubeSearchResponse.swift in Sources */,
				3D0518032959FD7C005D2204 /* MainTabBarViewController.swift in Sources */,
				3D5A14E9296D45A5009420A1 /* NetflixCloneModel.xcdatamodeld in Sources */,
				3D051821295C9CED005D2204 /* CollectionViewTableViewCell.swift in Sources */,
				3D05184029670F29005D2204 /* TitlePreviewViewModel.swift in Sources */,
				3D051825295F3F69005D2204 /* APICaller.swift in Sources */,
				3D051823295DBD17005D2204 /* HeroHeaderUIView.swift in Sources */,
				3D05181A295B69F9005D2204 /* DownloadsViewController.swift in Sources */,
				3D5A14EB296D4758009420A1 /* DataPersistanceManager.swift in Sources */,
				3D0517FF2959FD7C005D2204 /* AppDelegate.swift in Sources */,
				3D0518382965D69E005D2204 /* SearchResultsViewController.swift in Sources */,
				3D0518292964069D005D2204 /* Extensions.swift in Sources */,
				3D0518012959FD7C005D2204 /* SceneDelegate.swift in Sources */,
				3D051816295B69B2005D2204 /* UpcomingViewController.swift in Sources */,
				3D051827295F540A005D2204 /* Title.swift in Sources */,
				3D051814295A02FE005D2204 /* HomeViewController.swift in Sources */,
				3D05183629659F0B005D2204 /* TitleViewModel.swift in Sources */,
			);
			runOnlyForDeploymentPostprocessing = 0;
		};
/* End PBXSourcesBuildPhase section */

/* Begin PBXVariantGroup section */
		3D0518092959FD7D005D2204 /* LaunchScreen.storyboard */ = {
			isa = PBXVariantGroup;
			children = (
				3D05180A2959FD7D005D2204 /* Base */,
			);
			name = LaunchScreen.storyboard;
			sourceTree = "<group>";
		};
/* End PBXVariantGroup section */

/* Begin XCBuildConfiguration section */
		3D05180D2959FD7D005D2204 /* Debug */ = {
			isa = XCBuildConfiguration;
			buildSettings = {
				ALWAYS_SEARCH_USER_PATHS = NO;
				CLANG_ANALYZER_NONNULL = YES;
				CLANG_ANALYZER_NUMBER_OBJECT_CONVERSION = YES_AGGRESSIVE;
				CLANG_CXX_LANGUAGE_STANDARD = "gnu++20";
				CLANG_ENABLE_MODULES = YES;
				CLANG_ENABLE_OBJC_ARC = YES;
				CLANG_ENABLE_OBJC_WEAK = YES;
				CLANG_WARN_BLOCK_CAPTURE_AUTORELEASING = YES;
				CLANG_WARN_BOOL_CONVERSION = YES;
				CLANG_WARN_COMMA = YES;
				CLANG_WARN_CONSTANT_CONVERSION = YES;
				CLANG_WARN_DEPRECATED_OBJC_IMPLEMENTATIONS = YES;
				CLANG_WARN_DIRECT_OBJC_ISA_USAGE = YES_ERROR;
				CLANG_WARN_DOCUMENTATION_COMMENTS = YES;
				CLANG_WARN_EMPTY_BODY = YES;
				CLANG_WARN_ENUM_CONVERSION = YES;
				CLANG_WARN_INFINITE_RECURSION = YES;
				CLANG_WARN_INT_CONVERSION = YES;
				CLANG_WARN_NON_LITERAL_NULL_CONVERSION = YES;
				CLANG_WARN_OBJC_IMPLICIT_RETAIN_SELF = YES;
				CLANG_WARN_OBJC_LITERAL_CONVERSION = YES;
				CLANG_WARN_OBJC_ROOT_CLASS = YES_ERROR;
				CLANG_WARN_QUOTED_INCLUDE_IN_FRAMEWORK_HEADER = YES;
				CLANG_WARN_RANGE_LOOP_ANALYSIS = YES;
				CLANG_WARN_STRICT_PROTOTYPES = YES;
				CLANG_WARN_SUSPICIOUS_MOVE = YES;
				CLANG_WARN_UNGUARDED_AVAILABILITY = YES_AGGRESSIVE;
				CLANG_WARN_UNREACHABLE_CODE = YES;
				CLANG_WARN__DUPLICATE_METHOD_MATCH = YES;
				COPY_PHASE_STRIP = NO;
				DEBUG_INFORMATION_FORMAT = dwarf;
				ENABLE_STRICT_OBJC_MSGSEND = YES;
				ENABLE_TESTABILITY = YES;
				GCC_C_LANGUAGE_STANDARD = gnu11;
				GCC_DYNAMIC_NO_PIC = NO;
				GCC_NO_COMMON_BLOCKS = YES;
				GCC_OPTIMIZATION_LEVEL = 0;
				GCC_PREPROCESSOR_DEFINITIONS = (
					"DEBUG=1",
					"$(inherited)",
				);
				GCC_WARN_64_TO_32_BIT_CONVERSION = YES;
				GCC_WARN_ABOUT_RETURN_TYPE = YES_ERROR;
				GCC_WARN_UNDECLARED_SELECTOR = YES;
				GCC_WARN_UNINITIALIZED_AUTOS = YES_AGGRESSIVE;
				GCC_WARN_UNUSED_FUNCTION = YES;
				GCC_WARN_UNUSED_VARIABLE = YES;
				IPHONEOS_DEPLOYMENT_TARGET = 16.1;
				MTL_ENABLE_DEBUG_INFO = INCLUDE_SOURCE;
				MTL_FAST_MATH = YES;
				ONLY_ACTIVE_ARCH = YES;
				SDKROOT = iphoneos;
				SWIFT_ACTIVE_COMPILATION_CONDITIONS = DEBUG;
				SWIFT_OPTIMIZATION_LEVEL = "-Onone";
			};
			name = Debug;
		};
		3D05180E2959FD7D005D2204 /* Release */ = {
			isa = XCBuildConfiguration;
			buildSettings = {
				ALWAYS_SEARCH_USER_PATHS = NO;
				CLANG_ANALYZER_NONNULL = YES;
				CLANG_ANALYZER_NUMBER_OBJECT_CONVERSION = YES_AGGRESSIVE;
				CLANG_CXX_LANGUAGE_STANDARD = "gnu++20";
				CLANG_ENABLE_MODULES = YES;
				CLANG_ENABLE_OBJC_ARC = YES;
				CLANG_ENABLE_OBJC_WEAK = YES;
				CLANG_WARN_BLOCK_CAPTURE_AUTORELEASING = YES;
				CLANG_WARN_BOOL_CONVERSION = YES;
				CLANG_WARN_COMMA = YES;
				CLANG_WARN_CONSTANT_CONVERSION = YES;
				CLANG_WARN_DEPRECATED_OBJC_IMPLEMENTATIONS = YES;
				CLANG_WARN_DIRECT_OBJC_ISA_USAGE = YES_ERROR;
				CLANG_WARN_DOCUMENTATION_COMMENTS = YES;
				CLANG_WARN_EMPTY_BODY = YES;
				CLANG_WARN_ENUM_CONVERSION = YES;
				CLANG_WARN_INFINITE_RECURSION = YES;
				CLANG_WARN_INT_CONVERSION = YES;
				CLANG_WARN_NON_LITERAL_NULL_CONVERSION = YES;
				CLANG_WARN_OBJC_IMPLICIT_RETAIN_SELF = YES;
				CLANG_WARN_OBJC_LITERAL_CONVERSION = YES;
				CLANG_WARN_OBJC_ROOT_CLASS = YES_ERROR;
				CLANG_WARN_QUOTED_INCLUDE_IN_FRAMEWORK_HEADER = YES;
				CLANG_WARN_RANGE_LOOP_ANALYSIS = YES;
				CLANG_WARN_STRICT_PROTOTYPES = YES;
				CLANG_WARN_SUSPICIOUS_MOVE = YES;
				CLANG_WARN_UNGUARDED_AVAILABILITY = YES_AGGRESSIVE;
				CLANG_WARN_UNREACHABLE_CODE = YES;
				CLANG_WARN__DUPLICATE_METHOD_MATCH = YES;
				COPY_PHASE_STRIP = NO;
				DEBUG_INFORMATION_FORMAT = "dwarf-with-dsym";
				ENABLE_NS_ASSERTIONS = NO;
				ENABLE_STRICT_OBJC_MSGSEND = YES;
				GCC_C_LANGUAGE_STANDARD = gnu11;
				GCC_NO_COMMON_BLOCKS = YES;
				GCC_WARN_64_TO_32_BIT_CONVERSION = YES;
				GCC_WARN_ABOUT_RETURN_TYPE = YES_ERROR;
				GCC_WARN_UNDECLARED_SELECTOR = YES;
				GCC_WARN_UNINITIALIZED_AUTOS = YES_AGGRESSIVE;
				GCC_WARN_UNUSED_FUNCTION = YES;
				GCC_WARN_UNUSED_VARIABLE = YES;
				IPHONEOS_DEPLOYMENT_TARGET = 16.1;
				MTL_ENABLE_DEBUG_INFO = NO;
				MTL_FAST_MATH = YES;
				SDKROOT = iphoneos;
				SWIFT_COMPILATION_MODE = wholemodule;
				SWIFT_OPTIMIZATION_LEVEL = "-O";
				VALIDATE_PRODUCT = YES;
			};
			name = Release;
		};
		3D0518102959FD7D005D2204 /* Debug */ = {
			isa = XCBuildConfiguration;
			buildSettings = {
				ASSETCATALOG_COMPILER_APPICON_NAME = AppIcon;
				ASSETCATALOG_COMPILER_GLOBAL_ACCENT_COLOR_NAME = AccentColor;
				CODE_SIGN_STYLE = Automatic;
				CURRENT_PROJECT_VERSION = 1;
				DEVELOPMENT_TEAM = X896SVF3JJ;
				GENERATE_INFOPLIST_FILE = YES;
				INFOPLIST_FILE = "Netflix clone/Info.plist";
				INFOPLIST_KEY_UIApplicationSupportsIndirectInputEvents = YES;
				INFOPLIST_KEY_UILaunchStoryboardName = LaunchScreen;
				INFOPLIST_KEY_UISupportedInterfaceOrientations_iPad = "UIInterfaceOrientationPortrait UIInterfaceOrientationPortraitUpsideDown UIInterfaceOrientationLandscapeLeft UIInterfaceOrientationLandscapeRight";
				INFOPLIST_KEY_UISupportedInterfaceOrientations_iPhone = "UIInterfaceOrientationPortrait UIInterfaceOrientationLandscapeLeft UIInterfaceOrientationLandscapeRight";
				LD_RUNPATH_SEARCH_PATHS = (
					"$(inherited)",
					"@executable_path/Frameworks",
				);
				MARKETING_VERSION = 1.0;
				PRODUCT_BUNDLE_IDENTIFIER = "com.Subhiddin.Netflix-clone";
				PRODUCT_NAME = "$(TARGET_NAME)";
				SWIFT_EMIT_LOC_STRINGS = YES;
				SWIFT_VERSION = 5.0;
				TARGETED_DEVICE_FAMILY = "1,2";
			};
			name = Debug;
		};
		3D0518112959FD7D005D2204 /* Release */ = {
			isa = XCBuildConfiguration;
			buildSettings = {
				ASSETCATALOG_COMPILER_APPICON_NAME = AppIcon;
				ASSETCATALOG_COMPILER_GLOBAL_ACCENT_COLOR_NAME = AccentColor;
				CODE_SIGN_STYLE = Automatic;
				CURRENT_PROJECT_VERSION = 1;
				DEVELOPMENT_TEAM = X896SVF3JJ;
				GENERATE_INFOPLIST_FILE = YES;
				INFOPLIST_FILE = "Netflix clone/Info.plist";
				INFOPLIST_KEY_UIApplicationSupportsIndirectInputEvents = YES;
				INFOPLIST_KEY_UILaunchStoryboardName = LaunchScreen;
				INFOPLIST_KEY_UISupportedInterfaceOrientations_iPad = "UIInterfaceOrientationPortrait UIInterfaceOrientationPortraitUpsideDown UIInterfaceOrientationLandscapeLeft UIInterfaceOrientationLandscapeRight";
				INFOPLIST_KEY_UISupportedInterfaceOrientations_iPhone = "UIInterfaceOrientationPortrait UIInterfaceOrientationLandscapeLeft UIInterfaceOrientationLandscapeRight";
				LD_RUNPATH_SEARCH_PATHS = (
					"$(inherited)",
					"@executable_path/Frameworks",
				);
				MARKETING_VERSION = 1.0;
				PRODUCT_BUNDLE_IDENTIFIER = "com.Subhiddin.Netflix-clone";
				PRODUCT_NAME = "$(TARGET_NAME)";
				SWIFT_EMIT_LOC_STRINGS = YES;
				SWIFT_VERSION = 5.0;
				TARGETED_DEVICE_FAMILY = "1,2";
			};
			name = Release;
		};
/* End XCBuildConfiguration section */

/* Begin XCConfigurationList section */
		3D0517F62959FD7C005D2204 /* Build configuration list for PBXProject "Netflix clone" */ = {
			isa = XCConfigurationList;
			buildConfigurations = (
				3D05180D2959FD7D005D2204 /* Debug */,
				3D05180E2959FD7D005D2204 /* Release */,
			);
			defaultConfigurationIsVisible = 0;
			defaultConfigurationName = Release;
		};
		3D05180F2959FD7D005D2204 /* Build configuration list for PBXNativeTarget "Netflix clone" */ = {
			isa = XCConfigurationList;
			buildConfigurations = (
				3D0518102959FD7D005D2204 /* Debug */,
				3D0518112959FD7D005D2204 /* Release */,
			);
			defaultConfigurationIsVisible = 0;
			defaultConfigurationName = Release;
		};
/* End XCConfigurationList section */

/* Begin XCRemoteSwiftPackageReference section */
		3D05182E29645C99005D2204 /* XCRemoteSwiftPackageReference "SDWebImage" */ = {
			isa = XCRemoteSwiftPackageReference;
			repositoryURL = "https://github.com/SDWebImage/SDWebImage.git";
			requirement = {
				branch = master;
				kind = branch;
			};
		};
/* End XCRemoteSwiftPackageReference section */

/* Begin XCSwiftPackageProductDependency section */
		3D05182F29645C99005D2204 /* SDWebImage */ = {
			isa = XCSwiftPackageProductDependency;
			package = 3D05182E29645C99005D2204 /* XCRemoteSwiftPackageReference "SDWebImage" */;
			productName = SDWebImage;
		};
		3D05183129645C99005D2204 /* SDWebImageMapKit */ = {
			isa = XCSwiftPackageProductDependency;
			package = 3D05182E29645C99005D2204 /* XCRemoteSwiftPackageReference "SDWebImage" */;
			productName = SDWebImageMapKit;
		};
/* End XCSwiftPackageProductDependency section */

/* Begin XCVersionGroup section */
		3D5A14E7296D45A5009420A1 /* NetflixCloneModel.xcdatamodeld */ = {
			isa = XCVersionGroup;
			children = (
				3D5A14E8296D45A5009420A1 /* NetflixCloneModel.xcdatamodel */,
			);
			currentVersion = 3D5A14E8296D45A5009420A1 /* NetflixCloneModel.xcdatamodel */;
			path = NetflixCloneModel.xcdatamodeld;
			sourceTree = "<group>";
			versionGroupType = wrapper.xcdatamodel;
		};
/* End XCVersionGroup section */
	};
	rootObject = 3D0517F32959FD7C005D2204 /* Project object */;
}
